PODS:
  - Flutter (1.0.0)
  - storage_info (0.0.1):
    - Flutter

DEPENDENCIES:
  - Flutter (from `Flutter`)
  - storage_info (from `.symlinks/plugins/storage_info/ios`)

EXTERNAL SOURCES:
  Flutter:
    :path: Flutter
  storage_info:
    :path: ".symlinks/plugins/storage_info/ios"

SPEC CHECKSUMS:
  Flutter: cabc95a1d2626b1b06e7179b784ebcf0c0cde467
  storage_info: 7a868be7ebfb38eda9c95fffb7748751207f3a05

PODFILE CHECKSUM: 4f1c12611da7338d21589c0b2ecd6bd20b109694

COCOAPODS: 1.16.2
